
Microsoft Visual Studio Solution File, Format Version 12.00
# Visual Studio 15
VisualStudioVersion = 15.0.27130.2020
MinimumVisualStudioVersion = 10.0.40219.1
Project("{FAE04EC0-301F-11D3-BF4B-00C04F79EFBC}") = "WebsocketGateway", "WebsocketGateway\WebsocketGateway.csproj", "{3CFDA97A-BD23-4264-AB71-487E8642BEF0}"
EndProject
Global
	GlobalSection(SolutionConfigurationPlatforms) = preSolution
		Debug|Any CPU = Debug|Any CPU
		Release|Any CPU = Release|Any CPU
	EndGlobalSection
	GlobalSection(ProjectConfigurationPlatforms) = postSolution
		{3CFDA97A-BD23-4264-AB71-487E8642BEF0}.Debug|Any CPU.ActiveCfg = Debug|Any CPU
		{3CFDA97A-BD23-4264-AB71-487E8642BEF0}.Debug|Any CPU.Build.0 = Debug|Any CPU
		{3CFDA97A-BD23-4264-AB71-487E8642BEF0}.Release|Any CPU.ActiveCfg = Release|Any CPU
		{3CFDA97A-BD23-4264-AB71-487E8642BEF0}.Release|Any CPU.Build.0 = Release|Any CPU
	EndGlobalSection
	GlobalSection(SolutionProperties) = preSolution
		HideSolutionNode = FALSE
	EndGlobalSection
	GlobalSection(ExtensibilityGlobals) = postSolution
		SolutionGuid = {F4572503-3A17-43E4-8133-3562F1E97711}
	EndGlobalSection
EndGlobal
